
Microsoft Visual Studio Solution File, Format Version 12.00
# Visual Studio Version 17
VisualStudioVersion = 17.10.35004.147
MinimumVisualStudioVersion = 10.0.40219.1
Project("{FAE04EC0-301F-11D3-BF4B-00C04F79EFBC}") = "nardnob.InputTracker.WinForms", "InputTracker\nardnob.InputTracker.WinForms.csproj", "{C64C3659-D381-41C0-AB05-3C327779A27A}"
EndProject
Global
	GlobalSection(SolutionConfigurationPlatforms) = preSolution
		Debug|Any CPU = Debug|Any CPU
		Release|Any CPU = Release|Any CPU
	EndGlobalSection
	GlobalSection(ProjectConfigurationPlatforms) = postSolution
		{C64C3659-D381-41C0-AB05-3C327779A27A}.Debug|Any CPU.ActiveCfg = Debug|Any CPU
		{C64C3659-D381-41C0-AB05-3C327779A27A}.Debug|Any CPU.Build.0 = Debug|Any CPU
		{C64C3659-D381-41C0-AB05-3C327779A27A}.Release|Any CPU.ActiveCfg = Release|Any CPU
		{C64C3659-D381-41C0-AB05-3C327779A27A}.Release|Any CPU.Build.0 = Release|Any CPU
	EndGlobalSection
	GlobalSection(SolutionProperties) = preSolution
		HideSolutionNode = FALSE
	EndGlobalSection
	GlobalSection(ExtensibilityGlobals) = postSolution
		SolutionGuid = {5E3426E5-F34E-48B1-9808-DDAC4BC9EABB}
	EndGlobalSection
EndGlobal
